
Microsoft Visual Studio Solution File, Format Version 12.00
# Visual Studio Version 17
VisualStudioVersion = 17.3.32929.385
MinimumVisualStudioVersion = 10.0.40219.1
Project("{FAE04EC0-301F-11D3-BF4B-00C04F79EFBC}") = "JrNBALeagueRomania", "JrNBALeagueRomania.csproj", "{9F5DD752-B4BA-40A4-93E9-DE054323BE07}"
EndProject
Global
	GlobalSection(SolutionConfigurationPlatforms) = preSolution
		Debug|Any CPU = Debug|Any CPU
		Release|Any CPU = Release|Any CPU
	EndGlobalSection
	GlobalSection(ProjectConfigurationPlatforms) = postSolution
		{9F5DD752-B4BA-40A4-93E9-DE054323BE07}.Debug|Any CPU.ActiveCfg = Debug|Any CPU
		{9F5DD752-B4BA-40A4-93E9-DE054323BE07}.Debug|Any CPU.Build.0 = Debug|Any CPU
		{9F5DD752-B4BA-40A4-93E9-DE054323BE07}.Release|Any CPU.ActiveCfg = Release|Any CPU
		{9F5DD752-B4BA-40A4-93E9-DE054323BE07}.Release|Any CPU.Build.0 = Release|Any CPU
	EndGlobalSection
	GlobalSection(SolutionProperties) = preSolution
		HideSolutionNode = FALSE
	EndGlobalSection
	GlobalSection(ExtensibilityGlobals) = postSolution
		SolutionGuid = {B192AA87-7939-4D55-939C-111D4552DD9D}
	EndGlobalSection
EndGlobal
