
Microsoft Visual Studio Solution File, Format Version 12.00
# Visual Studio Version 17
VisualStudioVersion = 17.7.34031.279
MinimumVisualStudioVersion = 10.0.40219.1
Project("{FAE04EC0-301F-11D3-BF4B-00C04F79EFBC}") = "RayTracerWithVolumetricData", "RayTracerWithVolumetricData.csproj", "{ED6E7B01-A268-4720-B689-9A77F3606EBF}"
EndProject
Global
	GlobalSection(SolutionConfigurationPlatforms) = preSolution
		Debug|Any CPU = Debug|Any CPU
		Release|Any CPU = Release|Any CPU
	EndGlobalSection
	GlobalSection(ProjectConfigurationPlatforms) = postSolution
		{ED6E7B01-A268-4720-B689-9A77F3606EBF}.Debug|Any CPU.ActiveCfg = Debug|Any CPU
		{ED6E7B01-A268-4720-B689-9A77F3606EBF}.Debug|Any CPU.Build.0 = Debug|Any CPU
		{ED6E7B01-A268-4720-B689-9A77F3606EBF}.Release|Any CPU.ActiveCfg = Release|Any CPU
		{ED6E7B01-A268-4720-B689-9A77F3606EBF}.Release|Any CPU.Build.0 = Release|Any CPU
	EndGlobalSection
	GlobalSection(SolutionProperties) = preSolution
		HideSolutionNode = FALSE
	EndGlobalSection
	GlobalSection(ExtensibilityGlobals) = postSolution
		SolutionGuid = {DA692CA1-957F-4922-9DC1-B14D59D26C4E}
	EndGlobalSection
EndGlobal
