
Microsoft Visual Studio Solution File, Format Version 12.00
# Visual Studio Version 17
VisualStudioVersion = 17.5.33516.290
MinimumVisualStudioVersion = 10.0.40219.1
Project("{FAE04EC0-301F-11D3-BF4B-00C04F79EFBC}") = "OnwardTravel", "OnwardTravel\OnwardTravel.csproj", "{37899C1D-C6E6-4C1B-8310-755903C45806}"
EndProject
Global
	GlobalSection(SolutionConfigurationPlatforms) = preSolution
		Debug|Any CPU = Debug|Any CPU
		Release|Any CPU = Release|Any CPU
	EndGlobalSection
	GlobalSection(ProjectConfigurationPlatforms) = postSolution
		{37899C1D-C6E6-4C1B-8310-755903C45806}.Debug|Any CPU.ActiveCfg = Debug|Any CPU
		{37899C1D-C6E6-4C1B-8310-755903C45806}.Debug|Any CPU.Build.0 = Debug|Any CPU
		{37899C1D-C6E6-4C1B-8310-755903C45806}.Release|Any CPU.ActiveCfg = Release|Any CPU
		{37899C1D-C6E6-4C1B-8310-755903C45806}.Release|Any CPU.Build.0 = Release|Any CPU
	EndGlobalSection
	GlobalSection(SolutionProperties) = preSolution
		HideSolutionNode = FALSE
	EndGlobalSection
	GlobalSection(ExtensibilityGlobals) = postSolution
		SolutionGuid = {68B6715B-EF18-4D3F-80D5-6C8A355F827B}
	EndGlobalSection
EndGlobal
