
Microsoft Visual Studio Solution File, Format Version 12.00
# Visual Studio Version 17
VisualStudioVersion = 17.3.32825.248
MinimumVisualStudioVersion = 10.0.40219.1
Project("{888888A0-9F3D-457C-B088-3A5042F75D52}") = "R1", "R1.pyproj", "{10B550CF-CD01-4746-BFFF-DCC7182331C0}"
EndProject
Global
	GlobalSection(SolutionConfigurationPlatforms) = preSolution
		Debug|Any CPU = Debug|Any CPU
		Release|Any CPU = Release|Any CPU
	EndGlobalSection
	GlobalSection(ProjectConfigurationPlatforms) = postSolution
		{10B550CF-CD01-4746-BFFF-DCC7182331C0}.Debug|Any CPU.ActiveCfg = Debug|Any CPU
		{10B550CF-CD01-4746-BFFF-DCC7182331C0}.Release|Any CPU.ActiveCfg = Release|Any CPU
	EndGlobalSection
	GlobalSection(SolutionProperties) = preSolution
		HideSolutionNode = FALSE
	EndGlobalSection
	GlobalSection(ExtensibilityGlobals) = postSolution
		SolutionGuid = {2BBBB442-8DAD-4415-B23C-E1AA8442D0D6}
	EndGlobalSection
EndGlobal
