
Microsoft Visual Studio Solution File, Format Version 12.00
# Visual Studio Version 17
VisualStudioVersion = 17.8.34511.84
MinimumVisualStudioVersion = 10.0.40219.1
Project("{8BC9CEB8-8B4A-11D0-8D11-00A0C91BC942}") = "Project2", "Project2.vcxproj", "{CAFFA4F4-B5B2-4C20-8E41-DF1704BD3C48}"
EndProject
Global
	GlobalSection(SolutionConfigurationPlatforms) = preSolution
		Debug|x64 = Debug|x64
		Debug|x86 = Debug|x86
		Release|x64 = Release|x64
		Release|x86 = Release|x86
	EndGlobalSection
	GlobalSection(ProjectConfigurationPlatforms) = postSolution
		{CAFFA4F4-B5B2-4C20-8E41-DF1704BD3C48}.Debug|x64.ActiveCfg = Debug|x64
		{CAFFA4F4-B5B2-4C20-8E41-DF1704BD3C48}.Debug|x64.Build.0 = Debug|x64
		{CAFFA4F4-B5B2-4C20-8E41-DF1704BD3C48}.Debug|x86.ActiveCfg = Debug|Win32
		{CAFFA4F4-B5B2-4C20-8E41-DF1704BD3C48}.Debug|x86.Build.0 = Debug|Win32
		{CAFFA4F4-B5B2-4C20-8E41-DF1704BD3C48}.Release|x64.ActiveCfg = Release|x64
		{CAFFA4F4-B5B2-4C20-8E41-DF1704BD3C48}.Release|x64.Build.0 = Release|x64
		{CAFFA4F4-B5B2-4C20-8E41-DF1704BD3C48}.Release|x86.ActiveCfg = Release|Win32
		{CAFFA4F4-B5B2-4C20-8E41-DF1704BD3C48}.Release|x86.Build.0 = Release|Win32
	EndGlobalSection
	GlobalSection(SolutionProperties) = preSolution
		HideSolutionNode = FALSE
	EndGlobalSection
	GlobalSection(ExtensibilityGlobals) = postSolution
		SolutionGuid = {C5869EA6-B99F-45D6-A20A-247C15F2D3EC}
	EndGlobalSection
EndGlobal
