
Microsoft Visual Studio Solution File, Format Version 12.00
# Visual Studio Version 17
VisualStudioVersion = 17.5.33516.290
MinimumVisualStudioVersion = 10.0.40219.1
Project("{FAE04EC0-301F-11D3-BF4B-00C04F79EFBC}") = "OnwardTravel", "OnwardTravel\OnwardTravel.csproj", "{CF37C9BE-BBA7-4862-987B-A0F6D10C6D3C}"
EndProject
Global
	GlobalSection(SolutionConfigurationPlatforms) = preSolution
		Debug|Any CPU = Debug|Any CPU
		Release|Any CPU = Release|Any CPU
	EndGlobalSection
	GlobalSection(ProjectConfigurationPlatforms) = postSolution
		{CF37C9BE-BBA7-4862-987B-A0F6D10C6D3C}.Debug|Any CPU.ActiveCfg = Debug|Any CPU
		{CF37C9BE-BBA7-4862-987B-A0F6D10C6D3C}.Debug|Any CPU.Build.0 = Debug|Any CPU
		{CF37C9BE-BBA7-4862-987B-A0F6D10C6D3C}.Release|Any CPU.ActiveCfg = Release|Any CPU
		{CF37C9BE-BBA7-4862-987B-A0F6D10C6D3C}.Release|Any CPU.Build.0 = Release|Any CPU
	EndGlobalSection
	GlobalSection(SolutionProperties) = preSolution
		HideSolutionNode = FALSE
	EndGlobalSection
	GlobalSection(ExtensibilityGlobals) = postSolution
		SolutionGuid = {A00A7A24-8172-498A-B1CD-C3078DCD85FE}
	EndGlobalSection
EndGlobal
